
Microsoft Visual Studio Solution File, Format Version 12.00
# Visual Studio Version 16
VisualStudioVersion = 16.0.30717.126
MinimumVisualStudioVersion = 15.0.26124.0
Project("{9A19103F-16F7-4668-BE54-9A1E7A4F7556}") = "Cloudsume", "Cloudsume\Cloudsume.csproj", "{12651153-FC68-478E-B4A9-8AFFE2530D1B}"
EndProject
Project("{9A19103F-16F7-4668-BE54-9A1E7A4F7556}") = "Cloudsume.Tests", "Cloudsume.Tests\Cloudsume.Tests.csproj", "{15FDC3DA-AB38-4B33-B35A-E02DE32CE63B}"
EndProject
Project("{9A19103F-16F7-4668-BE54-9A1E7A4F7556}") = "Cloudsume.Resume", "Cloudsume.Resume\Cloudsume.Resume.csproj", "{1D435524-FC9A-4D71-855B-C49166D09D28}"
EndProject
Project("{9A19103F-16F7-4668-BE54-9A1E7A4F7556}") = "Cloudsume.Resume.Tests", "Cloudsume.Resume.Tests\Cloudsume.Resume.Tests.csproj", "{CBB7F61E-ABBD-4FEA-B577-4A3760D8267F}"
EndProject
Project("{9A19103F-16F7-4668-BE54-9A1E7A4F7556}") = "Cloudsume.Identity", "Cloudsume.Identity\Cloudsume.Identity.csproj", "{02A9F0BB-E87C-42D4-AC81-3A276E62A70F}"
EndProject
Project("{9A19103F-16F7-4668-BE54-9A1E7A4F7556}") = "Cloudsume.Identity.Tests", "Cloudsume.Identity.Tests\Cloudsume.Identity.Tests.csproj", "{4575ABCC-CC1C-4E32-AE88-39B6CE580FAA}"
EndProject
Project("{9A19103F-16F7-4668-BE54-9A1E7A4F7556}") = "Cloudsume.Aws", "Cloudsume.Aws\Cloudsume.Aws.csproj", "{6FC55B08-3E6B-4A64-8D28-A0F4CBD9A54D}"
EndProject
Project("{9A19103F-16F7-4668-BE54-9A1E7A4F7556}") = "Cloudsume.Aws.Tests", "Cloudsume.Aws.Tests\Cloudsume.Aws.Tests.csproj", "{D73E47C4-56B5-4179-B75A-78ECE622E6F6}"
EndProject
Project("{9A19103F-16F7-4668-BE54-9A1E7A4F7556}") = "Cloudsume.Builder", "Cloudsume.Builder\Cloudsume.Builder.csproj", "{63461D95-5829-490C-BD0B-B9CA44E6B36C}"
EndProject
Project("{9A19103F-16F7-4668-BE54-9A1E7A4F7556}") = "Cloudsume.Builder.Tests", "Cloudsume.Builder.Tests\Cloudsume.Builder.Tests.csproj", "{2D7B3DF1-9076-4426-B6B5-96B7BD3193A1}"
EndProject
Project("{9A19103F-16F7-4668-BE54-9A1E7A4F7556}") = "Ultima.Extensions.Globalization", "Ultima.Extensions.Globalization\Ultima.Extensions.Globalization.csproj", "{766B95AF-93AD-4789-869D-CCB5608F3DDF}"
EndProject
Project("{9A19103F-16F7-4668-BE54-9A1E7A4F7556}") = "Ultima.Extensions.Globalization.Tests", "Ultima.Extensions.Globalization.Tests\Ultima.Extensions.Globalization.Tests.csproj", "{50430D88-673B-4A51-8E8F-6547DF87F824}"
EndProject
Project("{9A19103F-16F7-4668-BE54-9A1E7A4F7556}") = "Ultima.Extensions.Graphics", "Ultima.Extensions.Graphics\Ultima.Extensions.Graphics.csproj", "{12D121A2-DBAF-419D-835A-D8A47E2D4DA7}"
EndProject
Project("{9A19103F-16F7-4668-BE54-9A1E7A4F7556}") = "Ultima.Extensions.Graphics.Tests", "Ultima.Extensions.Graphics.Tests\Ultima.Extensions.Graphics.Tests.csproj", "{91CFDB9A-F532-4C27-8F11-609B281D577D}"
EndProject
Project("{9A19103F-16F7-4668-BE54-9A1E7A4F7556}") = "Ultima.Extensions.Telephony", "Ultima.Extensions.Telephony\Ultima.Extensions.Telephony.csproj", "{91E59547-240A-449B-8E9B-87DE6F21EBD2}"
EndProject
Project("{9A19103F-16F7-4668-BE54-9A1E7A4F7556}") = "Ultima.Extensions.Telephony.Tests", "Ultima.Extensions.Telephony.Tests\Ultima.Extensions.Telephony.Tests.csproj", "{70E56CC8-EFA5-47F5-969E-144A7253B9FB}"
EndProject
Project("{9A19103F-16F7-4668-BE54-9A1E7A4F7556}") = "Ultima.Extensions.Http", "Ultima.Extensions.Http\Ultima.Extensions.Http.csproj", "{46285831-2C77-46E7-AFFF-5623486B74F4}"
EndProject
Project("{9A19103F-16F7-4668-BE54-9A1E7A4F7556}") = "Ultima.Extensions.Http.Tests", "Ultima.Extensions.Http.Tests\Ultima.Extensions.Http.Tests.csproj", "{D24F1F93-1102-4066-938F-364402421D80}"
EndProject
Project("{9A19103F-16F7-4668-BE54-9A1E7A4F7556}") = "Cornot", "Cornot\Cornot.csproj", "{F2F67E80-C156-409B-BA56-8F4529721177}"
EndProject
Project("{9A19103F-16F7-4668-BE54-9A1E7A4F7556}") = "Cornot.Tests", "Cornot.Tests\Cornot.Tests.csproj", "{A2DB8CE5-0DB7-4580-BCAA-4FF6EE59638D}"
EndProject
Project("{FAE04EC0-301F-11D3-BF4B-00C04F79EFBC}") = "Cloudsume.Cassandra", "Cloudsume.Cassandra\Cloudsume.Cassandra.csproj", "{C5946DB2-8BE0-42B5-A44F-7BC752DB441C}"
EndProject
Project("{FAE04EC0-301F-11D3-BF4B-00C04F79EFBC}") = "Cloudsume.Cassandra.Tests", "Cloudsume.Cassandra.Tests\Cloudsume.Cassandra.Tests.csproj", "{1B220262-BF42-491A-B95B-1B11D0BCCB04}"
EndProject
Project("{FAE04EC0-301F-11D3-BF4B-00C04F79EFBC}") = "Cloudsume.Analytics", "Cloudsume.Analytics\Cloudsume.Analytics.csproj", "{F0B3279B-6A9E-4106-A416-2FB3ADB9A30D}"
EndProject
Project("{FAE04EC0-301F-11D3-BF4B-00C04F79EFBC}") = "Cloudsume.Analytics.Tests", "Cloudsume.Analytics.Tests\Cloudsume.Analytics.Tests.csproj", "{1C230CDC-183A-4D86-97D6-3EB6F809CFD8}"
EndProject
Project("{FAE04EC0-301F-11D3-BF4B-00C04F79EFBC}") = "Cloudsume.Data", "Cloudsume.Data\Cloudsume.Data.csproj", "{8C35210B-6A51-408F-B50C-4168580D7671}"
EndProject
Project("{FAE04EC0-301F-11D3-BF4B-00C04F79EFBC}") = "Cloudsume.Data.Tests", "Cloudsume.Data.Tests\Cloudsume.Data.Tests.csproj", "{AC90C33F-4CEA-4A37-98C7-F467769A6777}"
EndProject
Project("{FAE04EC0-301F-11D3-BF4B-00C04F79EFBC}") = "Ultima.Extensions.IO", "Ultima.Extensions.IO\Ultima.Extensions.IO.csproj", "{F4365831-1A72-45E9-BF18-9FF28AAEF6C4}"
EndProject
Project("{FAE04EC0-301F-11D3-BF4B-00C04F79EFBC}") = "Ultima.Extensions.IO.Tests", "Ultima.Extensions.IO.Tests\Ultima.Extensions.IO.Tests.csproj", "{FB282C0E-9D29-47D3-A054-F4A5C20209FB}"
EndProject
Project("{FAE04EC0-301F-11D3-BF4B-00C04F79EFBC}") = "Cloudsume.Financial", "Cloudsume.Financial\Cloudsume.Financial.csproj", "{BB7674D0-2C86-4189-A2B1-DE1CEEA80D63}"
EndProject
Project("{FAE04EC0-301F-11D3-BF4B-00C04F79EFBC}") = "Cloudsume.Financial.Tests", "Cloudsume.Financial.Tests\Cloudsume.Financial.Tests.csproj", "{01E7B8AA-87F7-425B-BCBA-9D8F572C0919}"
EndProject
Project("{FAE04EC0-301F-11D3-BF4B-00C04F79EFBC}") = "Cloudsume.Stripe", "Cloudsume.Stripe\Cloudsume.Stripe.csproj", "{FF61AF43-41C1-4DC7-BC9B-52C1FF7791B5}"
EndProject
Project("{FAE04EC0-301F-11D3-BF4B-00C04F79EFBC}") = "Cloudsume.Stripe.Tests", "Cloudsume.Stripe.Tests\Cloudsume.Stripe.Tests.csproj", "{2E5DDDB4-C27E-4F41-98C4-8815330B61D0}"
EndProject
Project("{FAE04EC0-301F-11D3-BF4B-00C04F79EFBC}") = "NetCaptcha", "NetCaptcha\NetCaptcha.csproj", "{40F4CA81-BDEA-429A-8B0C-BF6D4647B2C4}"
EndProject
Project("{FAE04EC0-301F-11D3-BF4B-00C04F79EFBC}") = "NetCaptcha.Tests", "NetCaptcha.Tests\NetCaptcha.Tests.csproj", "{AEDABBEE-DC7B-4B11-9FAB-1E4CFBD1C9F5}"
EndProject
Project("{FAE04EC0-301F-11D3-BF4B-00C04F79EFBC}") = "NetCaptcha.ReCaptcha", "NetCaptcha.ReCaptcha\NetCaptcha.ReCaptcha.csproj", "{F99C57BB-09BC-4D65-B9D0-3D03B23F4C59}"
EndProject
Project("{FAE04EC0-301F-11D3-BF4B-00C04F79EFBC}") = "NetCaptcha.ReCaptcha.Tests", "NetCaptcha.ReCaptcha.Tests\NetCaptcha.ReCaptcha.Tests.csproj", "{4A34EE3B-E6AB-41AE-BA07-CED7A8343A91}"
EndProject
Project("{FAE04EC0-301F-11D3-BF4B-00C04F79EFBC}") = "Cloudsume.Configurations", "Cloudsume.Configurations\Cloudsume.Configurations.csproj", "{520DDACE-69A9-4C14-8881-AF015D1A1F45}"
EndProject
Project("{FAE04EC0-301F-11D3-BF4B-00C04F79EFBC}") = "Cloudsume.Configurations.Tests", "Cloudsume.Configurations.Tests\Cloudsume.Configurations.Tests.csproj", "{97924E68-E22C-49A2-B69B-2AE7601EEBB3}"
EndProject
Project("{FAE04EC0-301F-11D3-BF4B-00C04F79EFBC}") = "Cloudsume.Services.Client", "Cloudsume.Services.Client\Cloudsume.Services.Client.csproj", "{B04BEE16-F5EF-4120-B472-B1D587C66C8A}"
EndProject
Project("{FAE04EC0-301F-11D3-BF4B-00C04F79EFBC}") = "Cloudsume.Services.Client.Tests", "Cloudsume.Services.Client.Tests\Cloudsume.Services.Client.Tests.csproj", "{56715EF8-8190-42C9-88C9-388E3CD00CC9}"
EndProject
Project("{FAE04EC0-301F-11D3-BF4B-00C04F79EFBC}") = "Ultima.Extensions.Mime", "Ultima.Extensions.Mime\Ultima.Extensions.Mime.csproj", "{DDC411AE-2030-4BA4-8419-5573FA72DBEF}"
EndProject
Project("{FAE04EC0-301F-11D3-BF4B-00C04F79EFBC}") = "Ultima.Extensions.Mime.Tests", "Ultima.Extensions.Mime.Tests\Ultima.Extensions.Mime.Tests.csproj", "{E3C1DA9A-416B-4977-B6F7-E99FA709FCB5}"
EndProject
Project("{FAE04EC0-301F-11D3-BF4B-00C04F79EFBC}") = "FeatureGate", "FeatureGate\FeatureGate.csproj", "{2CAD23A3-89D6-422F-9261-D7B00D2E232F}"
EndProject
Project("{FAE04EC0-301F-11D3-BF4B-00C04F79EFBC}") = "FeatureGate.Tests", "FeatureGate.Tests\FeatureGate.Tests.csproj", "{70649C94-5B3E-4FB7-8E73-D901CF9A3F18}"
EndProject
Project("{FAE04EC0-301F-11D3-BF4B-00C04F79EFBC}") = "ExceptionMetrics", "ExceptionMetrics\ExceptionMetrics.csproj", "{34E1E7BD-62F8-475B-AC9A-C3F47469E66B}"
EndProject
Project("{FAE04EC0-301F-11D3-BF4B-00C04F79EFBC}") = "ExceptionMetrics.Tests", "ExceptionMetrics.Tests\ExceptionMetrics.Tests.csproj", "{AA4B41DA-C7BD-462F-86C9-E6F71FE9EEFB}"
EndProject
Project("{FAE04EC0-301F-11D3-BF4B-00C04F79EFBC}") = "ExceptionMetrics.Aws", "ExceptionMetrics.Aws\ExceptionMetrics.Aws.csproj", "{73C56B7E-941E-42DE-A428-E4EFBF5DEF96}"
EndProject
Project("{FAE04EC0-301F-11D3-BF4B-00C04F79EFBC}") = "ExceptionMetrics.Aws.Tests", "ExceptionMetrics.Aws.Tests\ExceptionMetrics.Aws.Tests.csproj", "{9F443AD8-044A-46CE-B2CE-D31E88339B75}"
EndProject
Project("{FAE04EC0-301F-11D3-BF4B-00C04F79EFBC}") = "Cloudsume.Template", "Cloudsume.Template\Cloudsume.Template.csproj", "{46FDB844-7335-4BBD-925B-FF35B1E2B95A}"
EndProject
Project("{FAE04EC0-301F-11D3-BF4B-00C04F79EFBC}") = "Cloudsume.Template.Tests", "Cloudsume.Template.Tests\Cloudsume.Template.Tests.csproj", "{5D225579-B26F-47D4-91D8-A32E1B8A4DF0}"
EndProject
Global
	GlobalSection(SolutionConfigurationPlatforms) = preSolution
		Debug|Any CPU = Debug|Any CPU
		Debug|x64 = Debug|x64
		Debug|x86 = Debug|x86
		Release|Any CPU = Release|Any CPU
		Release|x64 = Release|x64
		Release|x86 = Release|x86
	EndGlobalSection
	GlobalSection(ProjectConfigurationPlatforms) = postSolution
		{12651153-FC68-478E-B4A9-8AFFE2530D1B}.Debug|Any CPU.ActiveCfg = Debug|Any CPU
		{12651153-FC68-478E-B4A9-8AFFE2530D1B}.Debug|Any CPU.Build.0 = Debug|Any CPU
		{12651153-FC68-478E-B4A9-8AFFE2530D1B}.Debug|x64.ActiveCfg = Debug|Any CPU
		{12651153-FC68-478E-B4A9-8AFFE2530D1B}.Debug|x64.Build.0 = Debug|Any CPU
		{12651153-FC68-478E-B4A9-8AFFE2530D1B}.Debug|x86.ActiveCfg = Debug|Any CPU
		{12651153-FC68-478E-B4A9-8AFFE2530D1B}.Debug|x86.Build.0 = Debug|Any CPU
		{12651153-FC68-478E-B4A9-8AFFE2530D1B}.Release|Any CPU.ActiveCfg = Release|Any CPU
		{12651153-FC68-478E-B4A9-8AFFE2530D1B}.Release|Any CPU.Build.0 = Release|Any CPU
		{12651153-FC68-478E-B4A9-8AFFE2530D1B}.Release|x64.ActiveCfg = Release|Any CPU
		{12651153-FC68-478E-B4A9-8AFFE2530D1B}.Release|x64.Build.0 = Release|Any CPU
		{12651153-FC68-478E-B4A9-8AFFE2530D1B}.Release|x86.ActiveCfg = Release|Any CPU
		{12651153-FC68-478E-B4A9-8AFFE2530D1B}.Release|x86.Build.0 = Release|Any CPU
		{15FDC3DA-AB38-4B33-B35A-E02DE32CE63B}.Debug|Any CPU.ActiveCfg = Debug|Any CPU
		{15FDC3DA-AB38-4B33-B35A-E02DE32CE63B}.Debug|Any CPU.Build.0 = Debug|Any CPU
		{15FDC3DA-AB38-4B33-B35A-E02DE32CE63B}.Debug|x64.ActiveCfg = Debug|Any CPU
		{15FDC3DA-AB38-4B33-B35A-E02DE32CE63B}.Debug|x64.Build.0 = Debug|Any CPU
		{15FDC3DA-AB38-4B33-B35A-E02DE32CE63B}.Debug|x86.ActiveCfg = Debug|Any CPU
		{15FDC3DA-AB38-4B33-B35A-E02DE32CE63B}.Debug|x86.Build.0 = Debug|Any CPU
		{15FDC3DA-AB38-4B33-B35A-E02DE32CE63B}.Release|Any CPU.ActiveCfg = Release|Any CPU
		{15FDC3DA-AB38-4B33-B35A-E02DE32CE63B}.Release|Any CPU.Build.0 = Release|Any CPU
		{15FDC3DA-AB38-4B33-B35A-E02DE32CE63B}.Release|x64.ActiveCfg = Release|Any CPU
		{15FDC3DA-AB38-4B33-B35A-E02DE32CE63B}.Release|x64.Build.0 = Release|Any CPU
		{15FDC3DA-AB38-4B33-B35A-E02DE32CE63B}.Release|x86.ActiveCfg = Release|Any CPU
		{15FDC3DA-AB38-4B33-B35A-E02DE32CE63B}.Release|x86.Build.0 = Release|Any CPU
		{1D435524-FC9A-4D71-855B-C49166D09D28}.Debug|Any CPU.ActiveCfg = Debug|Any CPU
		{1D435524-FC9A-4D71-855B-C49166D09D28}.Debug|Any CPU.Build.0 = Debug|Any CPU
		{1D435524-FC9A-4D71-855B-C49166D09D28}.Debug|x64.ActiveCfg = Debug|Any CPU
		{1D435524-FC9A-4D71-855B-C49166D09D28}.Debug|x64.Build.0 = Debug|Any CPU
		{1D435524-FC9A-4D71-855B-C49166D09D28}.Debug|x86.ActiveCfg = Debug|Any CPU
		{1D435524-FC9A-4D71-855B-C49166D09D28}.Debug|x86.Build.0 = Debug|Any CPU
		{1D435524-FC9A-4D71-855B-C49166D09D28}.Release|Any CPU.ActiveCfg = Release|Any CPU
		{1D435524-FC9A-4D71-855B-C49166D09D28}.Release|Any CPU.Build.0 = Release|Any CPU
		{1D435524-FC9A-4D71-855B-C49166D09D28}.Release|x64.ActiveCfg = Release|Any CPU
		{1D435524-FC9A-4D71-855B-C49166D09D28}.Release|x64.Build.0 = Release|Any CPU
		{1D435524-FC9A-4D71-855B-C49166D09D28}.Release|x86.ActiveCfg = Release|Any CPU
		{1D435524-FC9A-4D71-855B-C49166D09D28}.Release|x86.Build.0 = Release|Any CPU
		{CBB7F61E-ABBD-4FEA-B577-4A3760D8267F}.Debug|Any CPU.ActiveCfg = Debug|Any CPU
		{CBB7F61E-ABBD-4FEA-B577-4A3760D8267F}.Debug|Any CPU.Build.0 = Debug|Any CPU
		{CBB7F61E-ABBD-4FEA-B577-4A3760D8267F}.Debug|x64.ActiveCfg = Debug|Any CPU
		{CBB7F61E-ABBD-4FEA-B577-4A3760D8267F}.Debug|x64.Build.0 = Debug|Any CPU
		{CBB7F61E-ABBD-4FEA-B577-4A3760D8267F}.Debug|x86.ActiveCfg = Debug|Any CPU
		{CBB7F61E-ABBD-4FEA-B577-4A3760D8267F}.Debug|x86.Build.0 = Debug|Any CPU
		{CBB7F61E-ABBD-4FEA-B577-4A3760D8267F}.Release|Any CPU.ActiveCfg = Release|Any CPU
		{CBB7F61E-ABBD-4FEA-B577-4A3760D8267F}.Release|Any CPU.Build.0 = Release|Any CPU
		{CBB7F61E-ABBD-4FEA-B577-4A3760D8267F}.Release|x64.ActiveCfg = Release|Any CPU
		{CBB7F61E-ABBD-4FEA-B577-4A3760D8267F}.Release|x64.Build.0 = Release|Any CPU
		{CBB7F61E-ABBD-4FEA-B577-4A3760D8267F}.Release|x86.ActiveCfg = Release|Any CPU
		{CBB7F61E-ABBD-4FEA-B577-4A3760D8267F}.Release|x86.Build.0 = Release|Any CPU
		{02A9F0BB-E87C-42D4-AC81-3A276E62A70F}.Debug|Any CPU.ActiveCfg = Debug|Any CPU
		{02A9F0BB-E87C-42D4-AC81-3A276E62A70F}.Debug|Any CPU.Build.0 = Debug|Any CPU
		{02A9F0BB-E87C-42D4-AC81-3A276E62A70F}.Debug|x64.ActiveCfg = Debug|Any CPU
		{02A9F0BB-E87C-42D4-AC81-3A276E62A70F}.Debug|x64.Build.0 = Debug|Any CPU
		{02A9F0BB-E87C-42D4-AC81-3A276E62A70F}.Debug|x86.ActiveCfg = Debug|Any CPU
		{02A9F0BB-E87C-42D4-AC81-3A276E62A70F}.Debug|x86.Build.0 = Debug|Any CPU
		{02A9F0BB-E87C-42D4-AC81-3A276E62A70F}.Release|Any CPU.ActiveCfg = Release|Any CPU
		{02A9F0BB-E87C-42D4-AC81-3A276E62A70F}.Release|Any CPU.Build.0 = Release|Any CPU
		{02A9F0BB-E87C-42D4-AC81-3A276E62A70F}.Release|x64.ActiveCfg = Release|Any CPU
		{02A9F0BB-E87C-42D4-AC81-3A276E62A70F}.Release|x64.Build.0 = Release|Any CPU
		{02A9F0BB-E87C-42D4-AC81-3A276E62A70F}.Release|x86.ActiveCfg = Release|Any CPU
		{02A9F0BB-E87C-42D4-AC81-3A276E62A70F}.Release|x86.Build.0 = Release|Any CPU
		{4575ABCC-CC1C-4E32-AE88-39B6CE580FAA}.Debug|Any CPU.ActiveCfg = Debug|Any CPU
		{4575ABCC-CC1C-4E32-AE88-39B6CE580FAA}.Debug|Any CPU.Build.0 = Debug|Any CPU
		{4575ABCC-CC1C-4E32-AE88-39B6CE580FAA}.Debug|x64.ActiveCfg = Debug|Any CPU
		{4575ABCC-CC1C-4E32-AE88-39B6CE580FAA}.Debug|x64.Build.0 = Debug|Any CPU
		{4575ABCC-CC1C-4E32-AE88-39B6CE580FAA}.Debug|x86.ActiveCfg = Debug|Any CPU
		{4575ABCC-CC1C-4E32-AE88-39B6CE580FAA}.Debug|x86.Build.0 = Debug|Any CPU
		{4575ABCC-CC1C-4E32-AE88-39B6CE580FAA}.Release|Any CPU.ActiveCfg = Release|Any CPU
		{4575ABCC-CC1C-4E32-AE88-39B6CE580FAA}.Release|Any CPU.Build.0 = Release|Any CPU
		{4575ABCC-CC1C-4E32-AE88-39B6CE580FAA}.Release|x64.ActiveCfg = Release|Any CPU
		{4575ABCC-CC1C-4E32-AE88-39B6CE580FAA}.Release|x64.Build.0 = Release|Any CPU
		{4575ABCC-CC1C-4E32-AE88-39B6CE580FAA}.Release|x86.ActiveCfg = Release|Any CPU
		{4575ABCC-CC1C-4E32-AE88-39B6CE580FAA}.Release|x86.Build.0 = Release|Any CPU
		{6FC55B08-3E6B-4A64-8D28-A0F4CBD9A54D}.Debug|Any CPU.ActiveCfg = Debug|Any CPU
		{6FC55B08-3E6B-4A64-8D28-A0F4CBD9A54D}.Debug|Any CPU.Build.0 = Debug|Any CPU
		{6FC55B08-3E6B-4A64-8D28-A0F4CBD9A54D}.Debug|x64.ActiveCfg = Debug|Any CPU
		{6FC55B08-3E6B-4A64-8D28-A0F4CBD9A54D}.Debug|x64.Build.0 = Debug|Any CPU
		{6FC55B08-3E6B-4A64-8D28-A0F4CBD9A54D}.Debug|x86.ActiveCfg = Debug|Any CPU
		{6FC55B08-3E6B-4A64-8D28-A0F4CBD9A54D}.Debug|x86.Build.0 = Debug|Any CPU
		{6FC55B08-3E6B-4A64-8D28-A0F4CBD9A54D}.Release|Any CPU.ActiveCfg = Release|Any CPU
		{6FC55B08-3E6B-4A64-8D28-A0F4CBD9A54D}.Release|Any CPU.Build.0 = Release|Any CPU
		{6FC55B08-3E6B-4A64-8D28-A0F4CBD9A54D}.Release|x64.ActiveCfg = Release|Any CPU
		{6FC55B08-3E6B-4A64-8D28-A0F4CBD9A54D}.Release|x64.Build.0 = Release|Any CPU
		{6FC55B08-3E6B-4A64-8D28-A0F4CBD9A54D}.Release|x86.ActiveCfg = Release|Any CPU
		{6FC55B08-3E6B-4A64-8D28-A0F4CBD9A54D}.Release|x86.Build.0 = Release|Any CPU
		{D73E47C4-56B5-4179-B75A-78ECE622E6F6}.Debug|Any CPU.ActiveCfg = Debug|Any CPU
		{D73E47C4-56B5-4179-B75A-78ECE622E6F6}.Debug|Any CPU.Build.0 = Debug|Any CPU
		{D73E47C4-56B5-4179-B75A-78ECE622E6F6}.Debug|x64.ActiveCfg = Debug|Any CPU
		{D73E47C4-56B5-4179-B75A-78ECE622E6F6}.Debug|x64.Build.0 = Debug|Any CPU
		{D73E47C4-56B5-4179-B75A-78ECE622E6F6}.Debug|x86.ActiveCfg = Debug|Any CPU
		{D73E47C4-56B5-4179-B75A-78ECE622E6F6}.Debug|x86.Build.0 = Debug|Any CPU
		{D73E47C4-56B5-4179-B75A-78ECE622E6F6}.Release|Any CPU.ActiveCfg = Release|Any CPU
		{D73E47C4-56B5-4179-B75A-78ECE622E6F6}.Release|Any CPU.Build.0 = Release|Any CPU
		{D73E47C4-56B5-4179-B75A-78ECE622E6F6}.Release|x64.ActiveCfg = Release|Any CPU
		{D73E47C4-56B5-4179-B75A-78ECE622E6F6}.Release|x64.Build.0 = Release|Any CPU
		{D73E47C4-56B5-4179-B75A-78ECE622E6F6}.Release|x86.ActiveCfg = Release|Any CPU
		{D73E47C4-56B5-4179-B75A-78ECE622E6F6}.Release|x86.Build.0 = Release|Any CPU
		{63461D95-5829-490C-BD0B-B9CA44E6B36C}.Debug|Any CPU.ActiveCfg = Debug|Any CPU
		{63461D95-5829-490C-BD0B-B9CA44E6B36C}.Debug|Any CPU.Build.0 = Debug|Any CPU
		{63461D95-5829-490C-BD0B-B9CA44E6B36C}.Debug|x64.ActiveCfg = Debug|Any CPU
		{63461D95-5829-490C-BD0B-B9CA44E6B36C}.Debug|x64.Build.0 = Debug|Any CPU
		{63461D95-5829-490C-BD0B-B9CA44E6B36C}.Debug|x86.ActiveCfg = Debug|Any CPU
		{63461D95-5829-490C-BD0B-B9CA44E6B36C}.Debug|x86.Build.0 = Debug|Any CPU
		{63461D95-5829-490C-BD0B-B9CA44E6B36C}.Release|Any CPU.ActiveCfg = Release|Any CPU
		{63461D95-5829-490C-BD0B-B9CA44E6B36C}.Release|Any CPU.Build.0 = Release|Any CPU
		{63461D95-5829-490C-BD0B-B9CA44E6B36C}.Release|x64.ActiveCfg = Release|Any CPU
		{63461D95-5829-490C-BD0B-B9CA44E6B36C}.Release|x64.Build.0 = Release|Any CPU
		{63461D95-5829-490C-BD0B-B9CA44E6B36C}.Release|x86.ActiveCfg = Release|Any CPU
		{63461D95-5829-490C-BD0B-B9CA44E6B36C}.Release|x86.Build.0 = Release|Any CPU
		{2D7B3DF1-9076-4426-B6B5-96B7BD3193A1}.Debug|Any CPU.ActiveCfg = Debug|Any CPU
		{2D7B3DF1-9076-4426-B6B5-96B7BD3193A1}.Debug|Any CPU.Build.0 = Debug|Any CPU
		{2D7B3DF1-9076-4426-B6B5-96B7BD3193A1}.Debug|x64.ActiveCfg = Debug|Any CPU
		{2D7B3DF1-9076-4426-B6B5-96B7BD3193A1}.Debug|x64.Build.0 = Debug|Any CPU
		{2D7B3DF1-9076-4426-B6B5-96B7BD3193A1}.Debug|x86.ActiveCfg = Debug|Any CPU
		{2D7B3DF1-9076-4426-B6B5-96B7BD3193A1}.Debug|x86.Build.0 = Debug|Any CPU
		{2D7B3DF1-9076-4426-B6B5-96B7BD3193A1}.Release|Any CPU.ActiveCfg = Release|Any CPU
		{2D7B3DF1-9076-4426-B6B5-96B7BD3193A1}.Release|Any CPU.Build.0 = Release|Any CPU
		{2D7B3DF1-9076-4426-B6B5-96B7BD3193A1}.Release|x64.ActiveCfg = Release|Any CPU
		{2D7B3DF1-9076-4426-B6B5-96B7BD3193A1}.Release|x64.Build.0 = Release|Any CPU
		{2D7B3DF1-9076-4426-B6B5-96B7BD3193A1}.Release|x86.ActiveCfg = Release|Any CPU
		{2D7B3DF1-9076-4426-B6B5-96B7BD3193A1}.Release|x86.Build.0 = Release|Any CPU
		{766B95AF-93AD-4789-869D-CCB5608F3DDF}.Debug|Any CPU.ActiveCfg = Debug|Any CPU
		{766B95AF-93AD-4789-869D-CCB5608F3DDF}.Debug|Any CPU.Build.0 = Debug|Any CPU
		{766B95AF-93AD-4789-869D-CCB5608F3DDF}.Debug|x64.ActiveCfg = Debug|Any CPU
		{766B95AF-93AD-4789-869D-CCB5608F3DDF}.Debug|x64.Build.0 = Debug|Any CPU
		{766B95AF-93AD-4789-869D-CCB5608F3DDF}.Debug|x86.ActiveCfg = Debug|Any CPU
		{766B95AF-93AD-4789-869D-CCB5608F3DDF}.Debug|x86.Build.0 = Debug|Any CPU
		{766B95AF-93AD-4789-869D-CCB5608F3DDF}.Release|Any CPU.ActiveCfg = Release|Any CPU
		{766B95AF-93AD-4789-869D-CCB5608F3DDF}.Release|Any CPU.Build.0 = Release|Any CPU
		{766B95AF-93AD-4789-869D-CCB5608F3DDF}.Release|x64.ActiveCfg = Release|Any CPU
		{766B95AF-93AD-4789-869D-CCB5608F3DDF}.Release|x64.Build.0 = Release|Any CPU
		{766B95AF-93AD-4789-869D-CCB5608F3DDF}.Release|x86.ActiveCfg = Release|Any CPU
		{766B95AF-93AD-4789-869D-CCB5608F3DDF}.Release|x86.Build.0 = Release|Any CPU
		{50430D88-673B-4A51-8E8F-6547DF87F824}.Debug|Any CPU.ActiveCfg = Debug|Any CPU
		{50430D88-673B-4A51-8E8F-6547DF87F824}.Debug|Any CPU.Build.0 = Debug|Any CPU
		{50430D88-673B-4A51-8E8F-6547DF87F824}.Debug|x64.ActiveCfg = Debug|Any CPU
		{50430D88-673B-4A51-8E8F-6547DF87F824}.Debug|x64.Build.0 = Debug|Any CPU
		{50430D88-673B-4A51-8E8F-6547DF87F824}.Debug|x86.ActiveCfg = Debug|Any CPU
		{50430D88-673B-4A51-8E8F-6547DF87F824}.Debug|x86.Build.0 = Debug|Any CPU
		{50430D88-673B-4A51-8E8F-6547DF87F824}.Release|Any CPU.ActiveCfg = Release|Any CPU
		{50430D88-673B-4A51-8E8F-6547DF87F824}.Release|Any CPU.Build.0 = Release|Any CPU
		{50430D88-673B-4A51-8E8F-6547DF87F824}.Release|x64.ActiveCfg = Release|Any CPU
		{50430D88-673B-4A51-8E8F-6547DF87F824}.Release|x64.Build.0 = Release|Any CPU
		{50430D88-673B-4A51-8E8F-6547DF87F824}.Release|x86.ActiveCfg = Release|Any CPU
		{50430D88-673B-4A51-8E8F-6547DF87F824}.Release|x86.Build.0 = Release|Any CPU
		{12D121A2-DBAF-419D-835A-D8A47E2D4DA7}.Debug|Any CPU.ActiveCfg = Debug|Any CPU
		{12D121A2-DBAF-419D-835A-D8A47E2D4DA7}.Debug|Any CPU.Build.0 = Debug|Any CPU
		{12D121A2-DBAF-419D-835A-D8A47E2D4DA7}.Debug|x64.ActiveCfg = Debug|Any CPU
		{12D121A2-DBAF-419D-835A-D8A47E2D4DA7}.Debug|x64.Build.0 = Debug|Any CPU
		{12D121A2-DBAF-419D-835A-D8A47E2D4DA7}.Debug|x86.ActiveCfg = Debug|Any CPU
		{12D121A2-DBAF-419D-835A-D8A47E2D4DA7}.Debug|x86.Build.0 = Debug|Any CPU
		{12D121A2-DBAF-419D-835A-D8A47E2D4DA7}.Release|Any CPU.ActiveCfg = Release|Any CPU
		{12D121A2-DBAF-419D-835A-D8A47E2D4DA7}.Release|Any CPU.Build.0 = Release|Any CPU
		{12D121A2-DBAF-419D-835A-D8A47E2D4DA7}.Release|x64.ActiveCfg = Release|Any CPU
		{12D121A2-DBAF-419D-835A-D8A47E2D4DA7}.Release|x64.Build.0 = Release|Any CPU
		{12D121A2-DBAF-419D-835A-D8A47E2D4DA7}.Release|x86.ActiveCfg = Release|Any CPU
		{12D121A2-DBAF-419D-835A-D8A47E2D4DA7}.Release|x86.Build.0 = Release|Any CPU
		{91CFDB9A-F532-4C27-8F11-609B281D577D}.Debug|Any CPU.ActiveCfg = Debug|Any CPU
		{91CFDB9A-F532-4C27-8F11-609B281D577D}.Debug|Any CPU.Build.0 = Debug|Any CPU
		{91CFDB9A-F532-4C27-8F11-609B281D577D}.Debug|x64.ActiveCfg = Debug|Any CPU
		{91CFDB9A-F532-4C27-8F11-609B281D577D}.Debug|x64.Build.0 = Debug|Any CPU
		{91CFDB9A-F532-4C27-8F11-609B281D577D}.Debug|x86.ActiveCfg = Debug|Any CPU
		{91CFDB9A-F532-4C27-8F11-609B281D577D}.Debug|x86.Build.0 = Debug|Any CPU
		{91CFDB9A-F532-4C27-8F11-609B281D577D}.Release|Any CPU.ActiveCfg = Release|Any CPU
		{91CFDB9A-F532-4C27-8F11-609B281D577D}.Release|Any CPU.Build.0 = Release|Any CPU
		{91CFDB9A-F532-4C27-8F11-609B281D577D}.Release|x64.ActiveCfg = Release|Any CPU
		{91CFDB9A-F532-4C27-8F11-609B281D577D}.Release|x64.Build.0 = Release|Any CPU
		{91CFDB9A-F532-4C27-8F11-609B281D577D}.Release|x86.ActiveCfg = Release|Any CPU
		{91CFDB9A-F532-4C27-8F11-609B281D577D}.Release|x86.Build.0 = Release|Any CPU
		{91E59547-240A-449B-8E9B-87DE6F21EBD2}.Debug|Any CPU.ActiveCfg = Debug|Any CPU
		{91E59547-240A-449B-8E9B-87DE6F21EBD2}.Debug|Any CPU.Build.0 = Debug|Any CPU
		{91E59547-240A-449B-8E9B-87DE6F21EBD2}.Debug|x64.ActiveCfg = Debug|Any CPU
		{91E59547-240A-449B-8E9B-87DE6F21EBD2}.Debug|x64.Build.0 = Debug|Any CPU
		{91E59547-240A-449B-8E9B-87DE6F21EBD2}.Debug|x86.ActiveCfg = Debug|Any CPU
		{91E59547-240A-449B-8E9B-87DE6F21EBD2}.Debug|x86.Build.0 = Debug|Any CPU
		{91E59547-240A-449B-8E9B-87DE6F21EBD2}.Release|Any CPU.ActiveCfg = Release|Any CPU
		{91E59547-240A-449B-8E9B-87DE6F21EBD2}.Release|Any CPU.Build.0 = Release|Any CPU
		{91E59547-240A-449B-8E9B-87DE6F21EBD2}.Release|x64.ActiveCfg = Release|Any CPU
		{91E59547-240A-449B-8E9B-87DE6F21EBD2}.Release|x64.Build.0 = Release|Any CPU
		{91E59547-240A-449B-8E9B-87DE6F21EBD2}.Release|x86.ActiveCfg = Release|Any CPU
		{91E59547-240A-449B-8E9B-87DE6F21EBD2}.Release|x86.Build.0 = Release|Any CPU
		{70E56CC8-EFA5-47F5-969E-144A7253B9FB}.Debug|Any CPU.ActiveCfg = Debug|Any CPU
		{70E56CC8-EFA5-47F5-969E-144A7253B9FB}.Debug|Any CPU.Build.0 = Debug|Any CPU
		{70E56CC8-EFA5-47F5-969E-144A7253B9FB}.Debug|x64.ActiveCfg = Debug|Any CPU
		{70E56CC8-EFA5-47F5-969E-144A7253B9FB}.Debug|x64.Build.0 = Debug|Any CPU
		{70E56CC8-EFA5-47F5-969E-144A7253B9FB}.Debug|x86.ActiveCfg = Debug|Any CPU
		{70E56CC8-EFA5-47F5-969E-144A7253B9FB}.Debug|x86.Build.0 = Debug|Any CPU
		{70E56CC8-EFA5-47F5-969E-144A7253B9FB}.Release|Any CPU.ActiveCfg = Release|Any CPU
		{70E56CC8-EFA5-47F5-969E-144A7253B9FB}.Release|Any CPU.Build.0 = Release|Any CPU
		{70E56CC8-EFA5-47F5-969E-144A7253B9FB}.Release|x64.ActiveCfg = Release|Any CPU
		{70E56CC8-EFA5-47F5-969E-144A7253B9FB}.Release|x64.Build.0 = Release|Any CPU
		{70E56CC8-EFA5-47F5-969E-144A7253B9FB}.Release|x86.ActiveCfg = Release|Any CPU
		{70E56CC8-EFA5-47F5-969E-144A7253B9FB}.Release|x86.Build.0 = Release|Any CPU
		{46285831-2C77-46E7-AFFF-5623486B74F4}.Debug|Any CPU.ActiveCfg = Debug|Any CPU
		{46285831-2C77-46E7-AFFF-5623486B74F4}.Debug|Any CPU.Build.0 = Debug|Any CPU
		{46285831-2C77-46E7-AFFF-5623486B74F4}.Debug|x64.ActiveCfg = Debug|Any CPU
		{46285831-2C77-46E7-AFFF-5623486B74F4}.Debug|x64.Build.0 = Debug|Any CPU
		{46285831-2C77-46E7-AFFF-5623486B74F4}.Debug|x86.ActiveCfg = Debug|Any CPU
		{46285831-2C77-46E7-AFFF-5623486B74F4}.Debug|x86.Build.0 = Debug|Any CPU
		{46285831-2C77-46E7-AFFF-5623486B74F4}.Release|Any CPU.ActiveCfg = Release|Any CPU
		{46285831-2C77-46E7-AFFF-5623486B74F4}.Release|Any CPU.Build.0 = Release|Any CPU
		{46285831-2C77-46E7-AFFF-5623486B74F4}.Release|x64.ActiveCfg = Release|Any CPU
		{46285831-2C77-46E7-AFFF-5623486B74F4}.Release|x64.Build.0 = Release|Any CPU
		{46285831-2C77-46E7-AFFF-5623486B74F4}.Release|x86.ActiveCfg = Release|Any CPU
		{46285831-2C77-46E7-AFFF-5623486B74F4}.Release|x86.Build.0 = Release|Any CPU
		{D24F1F93-1102-4066-938F-364402421D80}.Debug|Any CPU.ActiveCfg = Debug|Any CPU
		{D24F1F93-1102-4066-938F-364402421D80}.Debug|Any CPU.Build.0 = Debug|Any CPU
		{D24F1F93-1102-4066-938F-364402421D80}.Debug|x64.ActiveCfg = Debug|Any CPU
		{D24F1F93-1102-4066-938F-364402421D80}.Debug|x64.Build.0 = Debug|Any CPU
		{D24F1F93-1102-4066-938F-364402421D80}.Debug|x86.ActiveCfg = Debug|Any CPU
		{D24F1F93-1102-4066-938F-364402421D80}.Debug|x86.Build.0 = Debug|Any CPU
		{D24F1F93-1102-4066-938F-364402421D80}.Release|Any CPU.ActiveCfg = Release|Any CPU
		{D24F1F93-1102-4066-938F-364402421D80}.Release|Any CPU.Build.0 = Release|Any CPU
		{D24F1F93-1102-4066-938F-364402421D80}.Release|x64.ActiveCfg = Release|Any CPU
		{D24F1F93-1102-4066-938F-364402421D80}.Release|x64.Build.0 = Release|Any CPU
		{D24F1F93-1102-4066-938F-364402421D80}.Release|x86.ActiveCfg = Release|Any CPU
		{D24F1F93-1102-4066-938F-364402421D80}.Release|x86.Build.0 = Release|Any CPU
		{F2F67E80-C156-409B-BA56-8F4529721177}.Debug|Any CPU.ActiveCfg = Debug|Any CPU
		{F2F67E80-C156-409B-BA56-8F4529721177}.Debug|Any CPU.Build.0 = Debug|Any CPU
		{F2F67E80-C156-409B-BA56-8F4529721177}.Debug|x64.ActiveCfg = Debug|Any CPU
		{F2F67E80-C156-409B-BA56-8F4529721177}.Debug|x64.Build.0 = Debug|Any CPU
		{F2F67E80-C156-409B-BA56-8F4529721177}.Debug|x86.ActiveCfg = Debug|Any CPU
		{F2F67E80-C156-409B-BA56-8F4529721177}.Debug|x86.Build.0 = Debug|Any CPU
		{F2F67E80-C156-409B-BA56-8F4529721177}.Release|Any CPU.ActiveCfg = Release|Any CPU
		{F2F67E80-C156-409B-BA56-8F4529721177}.Release|Any CPU.Build.0 = Release|Any CPU
		{F2F67E80-C156-409B-BA56-8F4529721177}.Release|x64.ActiveCfg = Release|Any CPU
		{F2F67E80-C156-409B-BA56-8F4529721177}.Release|x64.Build.0 = Release|Any CPU
		{F2F67E80-C156-409B-BA56-8F4529721177}.Release|x86.ActiveCfg = Release|Any CPU
		{F2F67E80-C156-409B-BA56-8F4529721177}.Release|x86.Build.0 = Release|Any CPU
		{A2DB8CE5-0DB7-4580-BCAA-4FF6EE59638D}.Debug|Any CPU.ActiveCfg = Debug|Any CPU
		{A2DB8CE5-0DB7-4580-BCAA-4FF6EE59638D}.Debug|Any CPU.Build.0 = Debug|Any CPU
		{A2DB8CE5-0DB7-4580-BCAA-4FF6EE59638D}.Debug|x64.ActiveCfg = Debug|Any CPU
		{A2DB8CE5-0DB7-4580-BCAA-4FF6EE59638D}.Debug|x64.Build.0 = Debug|Any CPU
		{A2DB8CE5-0DB7-4580-BCAA-4FF6EE59638D}.Debug|x86.ActiveCfg = Debug|Any CPU
		{A2DB8CE5-0DB7-4580-BCAA-4FF6EE59638D}.Debug|x86.Build.0 = Debug|Any CPU
		{A2DB8CE5-0DB7-4580-BCAA-4FF6EE59638D}.Release|Any CPU.ActiveCfg = Release|Any CPU
		{A2DB8CE5-0DB7-4580-BCAA-4FF6EE59638D}.Release|Any CPU.Build.0 = Release|Any CPU
		{A2DB8CE5-0DB7-4580-BCAA-4FF6EE59638D}.Release|x64.ActiveCfg = Release|Any CPU
		{A2DB8CE5-0DB7-4580-BCAA-4FF6EE59638D}.Release|x64.Build.0 = Release|Any CPU
		{A2DB8CE5-0DB7-4580-BCAA-4FF6EE59638D}.Release|x86.ActiveCfg = Release|Any CPU
		{A2DB8CE5-0DB7-4580-BCAA-4FF6EE59638D}.Release|x86.Build.0 = Release|Any CPU
		{C5946DB2-8BE0-42B5-A44F-7BC752DB441C}.Debug|Any CPU.ActiveCfg = Debug|Any CPU
		{C5946DB2-8BE0-42B5-A44F-7BC752DB441C}.Debug|Any CPU.Build.0 = Debug|Any CPU
		{C5946DB2-8BE0-42B5-A44F-7BC752DB441C}.Debug|x64.ActiveCfg = Debug|Any CPU
		{C5946DB2-8BE0-42B5-A44F-7BC752DB441C}.Debug|x64.Build.0 = Debug|Any CPU
		{C5946DB2-8BE0-42B5-A44F-7BC752DB441C}.Debug|x86.ActiveCfg = Debug|Any CPU
		{C5946DB2-8BE0-42B5-A44F-7BC752DB441C}.Debug|x86.Build.0 = Debug|Any CPU
		{C5946DB2-8BE0-42B5-A44F-7BC752DB441C}.Release|Any CPU.ActiveCfg = Release|Any CPU
		{C5946DB2-8BE0-42B5-A44F-7BC752DB441C}.Release|Any CPU.Build.0 = Release|Any CPU
		{C5946DB2-8BE0-42B5-A44F-7BC752DB441C}.Release|x64.ActiveCfg = Release|Any CPU
		{C5946DB2-8BE0-42B5-A44F-7BC752DB441C}.Release|x64.Build.0 = Release|Any CPU
		{C5946DB2-8BE0-42B5-A44F-7BC752DB441C}.Release|x86.ActiveCfg = Release|Any CPU
		{C5946DB2-8BE0-42B5-A44F-7BC752DB441C}.Release|x86.Build.0 = Release|Any CPU
		{1B220262-BF42-491A-B95B-1B11D0BCCB04}.Debug|Any CPU.ActiveCfg = Debug|Any CPU
		{1B220262-BF42-491A-B95B-1B11D0BCCB04}.Debug|Any CPU.Build.0 = Debug|Any CPU
		{1B220262-BF42-491A-B95B-1B11D0BCCB04}.Debug|x64.ActiveCfg = Debug|Any CPU
		{1B220262-BF42-491A-B95B-1B11D0BCCB04}.Debug|x64.Build.0 = Debug|Any CPU
		{1B220262-BF42-491A-B95B-1B11D0BCCB04}.Debug|x86.ActiveCfg = Debug|Any CPU
		{1B220262-BF42-491A-B95B-1B11D0BCCB04}.Debug|x86.Build.0 = Debug|Any CPU
		{1B220262-BF42-491A-B95B-1B11D0BCCB04}.Release|Any CPU.ActiveCfg = Release|Any CPU
		{1B220262-BF42-491A-B95B-1B11D0BCCB04}.Release|Any CPU.Build.0 = Release|Any CPU
		{1B220262-BF42-491A-B95B-1B11D0BCCB04}.Release|x64.ActiveCfg = Release|Any CPU
		{1B220262-BF42-491A-B95B-1B11D0BCCB04}.Release|x64.Build.0 = Release|Any CPU
		{1B220262-BF42-491A-B95B-1B11D0BCCB04}.Release|x86.ActiveCfg = Release|Any CPU
		{1B220262-BF42-491A-B95B-1B11D0BCCB04}.Release|x86.Build.0 = Release|Any CPU
		{F0B3279B-6A9E-4106-A416-2FB3ADB9A30D}.Debug|Any CPU.ActiveCfg = Debug|Any CPU
		{F0B3279B-6A9E-4106-A416-2FB3ADB9A30D}.Debug|Any CPU.Build.0 = Debug|Any CPU
		{F0B3279B-6A9E-4106-A416-2FB3ADB9A30D}.Debug|x64.ActiveCfg = Debug|Any CPU
		{F0B3279B-6A9E-4106-A416-2FB3ADB9A30D}.Debug|x64.Build.0 = Debug|Any CPU
		{F0B3279B-6A9E-4106-A416-2FB3ADB9A30D}.Debug|x86.ActiveCfg = Debug|Any CPU
		{F0B3279B-6A9E-4106-A416-2FB3ADB9A30D}.Debug|x86.Build.0 = Debug|Any CPU
		{F0B3279B-6A9E-4106-A416-2FB3ADB9A30D}.Release|Any CPU.ActiveCfg = Release|Any CPU
		{F0B3279B-6A9E-4106-A416-2FB3ADB9A30D}.Release|Any CPU.Build.0 = Release|Any CPU
		{F0B3279B-6A9E-4106-A416-2FB3ADB9A30D}.Release|x64.ActiveCfg = Release|Any CPU
		{F0B3279B-6A9E-4106-A416-2FB3ADB9A30D}.Release|x64.Build.0 = Release|Any CPU
		{F0B3279B-6A9E-4106-A416-2FB3ADB9A30D}.Release|x86.ActiveCfg = Release|Any CPU
		{F0B3279B-6A9E-4106-A416-2FB3ADB9A30D}.Release|x86.Build.0 = Release|Any CPU
		{1C230CDC-183A-4D86-97D6-3EB6F809CFD8}.Debug|Any CPU.ActiveCfg = Debug|Any CPU
		{1C230CDC-183A-4D86-97D6-3EB6F809CFD8}.Debug|Any CPU.Build.0 = Debug|Any CPU
		{1C230CDC-183A-4D86-97D6-3EB6F809CFD8}.Debug|x64.ActiveCfg = Debug|Any CPU
		{1C230CDC-183A-4D86-97D6-3EB6F809CFD8}.Debug|x64.Build.0 = Debug|Any CPU
		{1C230CDC-183A-4D86-97D6-3EB6F809CFD8}.Debug|x86.ActiveCfg = Debug|Any CPU
		{1C230CDC-183A-4D86-97D6-3EB6F809CFD8}.Debug|x86.Build.0 = Debug|Any CPU
		{1C230CDC-183A-4D86-97D6-3EB6F809CFD8}.Release|Any CPU.ActiveCfg = Release|Any CPU
		{1C230CDC-183A-4D86-97D6-3EB6F809CFD8}.Release|Any CPU.Build.0 = Release|Any CPU
		{1C230CDC-183A-4D86-97D6-3EB6F809CFD8}.Release|x64.ActiveCfg = Release|Any CPU
		{1C230CDC-183A-4D86-97D6-3EB6F809CFD8}.Release|x64.Build.0 = Release|Any CPU
		{1C230CDC-183A-4D86-97D6-3EB6F809CFD8}.Release|x86.ActiveCfg = Release|Any CPU
		{1C230CDC-183A-4D86-97D6-3EB6F809CFD8}.Release|x86.Build.0 = Release|Any CPU
		{8C35210B-6A51-408F-B50C-4168580D7671}.Debug|Any CPU.ActiveCfg = Debug|Any CPU
		{8C35210B-6A51-408F-B50C-4168580D7671}.Debug|Any CPU.Build.0 = Debug|Any CPU
		{8C35210B-6A51-408F-B50C-4168580D7671}.Debug|x64.ActiveCfg = Debug|Any CPU
		{8C35210B-6A51-408F-B50C-4168580D7671}.Debug|x64.Build.0 = Debug|Any CPU
		{8C35210B-6A51-408F-B50C-4168580D7671}.Debug|x86.ActiveCfg = Debug|Any CPU
		{8C35210B-6A51-408F-B50C-4168580D7671}.Debug|x86.Build.0 = Debug|Any CPU
		{8C35210B-6A51-408F-B50C-4168580D7671}.Release|Any CPU.ActiveCfg = Release|Any CPU
		{8C35210B-6A51-408F-B50C-4168580D7671}.Release|Any CPU.Build.0 = Release|Any CPU
		{8C35210B-6A51-408F-B50C-4168580D7671}.Release|x64.ActiveCfg = Release|Any CPU
		{8C35210B-6A51-408F-B50C-4168580D7671}.Release|x64.Build.0 = Release|Any CPU
		{8C35210B-6A51-408F-B50C-4168580D7671}.Release|x86.ActiveCfg = Release|Any CPU
		{8C35210B-6A51-408F-B50C-4168580D7671}.Release|x86.Build.0 = Release|Any CPU
		{AC90C33F-4CEA-4A37-98C7-F467769A6777}.Debug|Any CPU.ActiveCfg = Debug|Any CPU
		{AC90C33F-4CEA-4A37-98C7-F467769A6777}.Debug|Any CPU.Build.0 = Debug|Any CPU
		{AC90C33F-4CEA-4A37-98C7-F467769A6777}.Debug|x64.ActiveCfg = Debug|Any CPU
		{AC90C33F-4CEA-4A37-98C7-F467769A6777}.Debug|x64.Build.0 = Debug|Any CPU
		{AC90C33F-4CEA-4A37-98C7-F467769A6777}.Debug|x86.ActiveCfg = Debug|Any CPU
		{AC90C33F-4CEA-4A37-98C7-F467769A6777}.Debug|x86.Build.0 = Debug|Any CPU
		{AC90C33F-4CEA-4A37-98C7-F467769A6777}.Release|Any CPU.ActiveCfg = Release|Any CPU
		{AC90C33F-4CEA-4A37-98C7-F467769A6777}.Release|Any CPU.Build.0 = Release|Any CPU
		{AC90C33F-4CEA-4A37-98C7-F467769A6777}.Release|x64.ActiveCfg = Release|Any CPU
		{AC90C33F-4CEA-4A37-98C7-F467769A6777}.Release|x64.Build.0 = Release|Any CPU
		{AC90C33F-4CEA-4A37-98C7-F467769A6777}.Release|x86.ActiveCfg = Release|Any CPU
		{AC90C33F-4CEA-4A37-98C7-F467769A6777}.Release|x86.Build.0 = Release|Any CPU
		{F4365831-1A72-45E9-BF18-9FF28AAEF6C4}.Debug|Any CPU.ActiveCfg = Debug|Any CPU
		{F4365831-1A72-45E9-BF18-9FF28AAEF6C4}.Debug|Any CPU.Build.0 = Debug|Any CPU
		{F4365831-1A72-45E9-BF18-9FF28AAEF6C4}.Debug|x64.ActiveCfg = Debug|Any CPU
		{F4365831-1A72-45E9-BF18-9FF28AAEF6C4}.Debug|x64.Build.0 = Debug|Any CPU
		{F4365831-1A72-45E9-BF18-9FF28AAEF6C4}.Debug|x86.ActiveCfg = Debug|Any CPU
		{F4365831-1A72-45E9-BF18-9FF28AAEF6C4}.Debug|x86.Build.0 = Debug|Any CPU
		{F4365831-1A72-45E9-BF18-9FF28AAEF6C4}.Release|Any CPU.ActiveCfg = Release|Any CPU
		{F4365831-1A72-45E9-BF18-9FF28AAEF6C4}.Release|Any CPU.Build.0 = Release|Any CPU
		{F4365831-1A72-45E9-BF18-9FF28AAEF6C4}.Release|x64.ActiveCfg = Release|Any CPU
		{F4365831-1A72-45E9-BF18-9FF28AAEF6C4}.Release|x64.Build.0 = Release|Any CPU
		{F4365831-1A72-45E9-BF18-9FF28AAEF6C4}.Release|x86.ActiveCfg = Release|Any CPU
		{F4365831-1A72-45E9-BF18-9FF28AAEF6C4}.Release|x86.Build.0 = Release|Any CPU
		{FB282C0E-9D29-47D3-A054-F4A5C20209FB}.Debug|Any CPU.ActiveCfg = Debug|Any CPU
		{FB282C0E-9D29-47D3-A054-F4A5C20209FB}.Debug|Any CPU.Build.0 = Debug|Any CPU
		{FB282C0E-9D29-47D3-A054-F4A5C20209FB}.Debug|x64.ActiveCfg = Debug|Any CPU
		{FB282C0E-9D29-47D3-A054-F4A5C20209FB}.Debug|x64.Build.0 = Debug|Any CPU
		{FB282C0E-9D29-47D3-A054-F4A5C20209FB}.Debug|x86.ActiveCfg = Debug|Any CPU
		{FB282C0E-9D29-47D3-A054-F4A5C20209FB}.Debug|x86.Build.0 = Debug|Any CPU
		{FB282C0E-9D29-47D3-A054-F4A5C20209FB}.Release|Any CPU.ActiveCfg = Release|Any CPU
		{FB282C0E-9D29-47D3-A054-F4A5C20209FB}.Release|Any CPU.Build.0 = Release|Any CPU
		{FB282C0E-9D29-47D3-A054-F4A5C20209FB}.Release|x64.ActiveCfg = Release|Any CPU
		{FB282C0E-9D29-47D3-A054-F4A5C20209FB}.Release|x64.Build.0 = Release|Any CPU
		{FB282C0E-9D29-47D3-A054-F4A5C20209FB}.Release|x86.ActiveCfg = Release|Any CPU
		{FB282C0E-9D29-47D3-A054-F4A5C20209FB}.Release|x86.Build.0 = Release|Any CPU
		{BB7674D0-2C86-4189-A2B1-DE1CEEA80D63}.Debug|Any CPU.ActiveCfg = Debug|Any CPU
		{BB7674D0-2C86-4189-A2B1-DE1CEEA80D63}.Debug|Any CPU.Build.0 = Debug|Any CPU
		{BB7674D0-2C86-4189-A2B1-DE1CEEA80D63}.Debug|x64.ActiveCfg = Debug|Any CPU
		{BB7674D0-2C86-4189-A2B1-DE1CEEA80D63}.Debug|x64.Build.0 = Debug|Any CPU
		{BB7674D0-2C86-4189-A2B1-DE1CEEA80D63}.Debug|x86.ActiveCfg = Debug|Any CPU
		{BB7674D0-2C86-4189-A2B1-DE1CEEA80D63}.Debug|x86.Build.0 = Debug|Any CPU
		{BB7674D0-2C86-4189-A2B1-DE1CEEA80D63}.Release|Any CPU.ActiveCfg = Release|Any CPU
		{BB7674D0-2C86-4189-A2B1-DE1CEEA80D63}.Release|Any CPU.Build.0 = Release|Any CPU
		{BB7674D0-2C86-4189-A2B1-DE1CEEA80D63}.Release|x64.ActiveCfg = Release|Any CPU
		{BB7674D0-2C86-4189-A2B1-DE1CEEA80D63}.Release|x64.Build.0 = Release|Any CPU
		{BB7674D0-2C86-4189-A2B1-DE1CEEA80D63}.Release|x86.ActiveCfg = Release|Any CPU
		{BB7674D0-2C86-4189-A2B1-DE1CEEA80D63}.Release|x86.Build.0 = Release|Any CPU
		{01E7B8AA-87F7-425B-BCBA-9D8F572C0919}.Debug|Any CPU.ActiveCfg = Debug|Any CPU
		{01E7B8AA-87F7-425B-BCBA-9D8F572C0919}.Debug|Any CPU.Build.0 = Debug|Any CPU
		{01E7B8AA-87F7-425B-BCBA-9D8F572C0919}.Debug|x64.ActiveCfg = Debug|Any CPU
		{01E7B8AA-87F7-425B-BCBA-9D8F572C0919}.Debug|x64.Build.0 = Debug|Any CPU
		{01E7B8AA-87F7-425B-BCBA-9D8F572C0919}.Debug|x86.ActiveCfg = Debug|Any CPU
		{01E7B8AA-87F7-425B-BCBA-9D8F572C0919}.Debug|x86.Build.0 = Debug|Any CPU
		{01E7B8AA-87F7-425B-BCBA-9D8F572C0919}.Release|Any CPU.ActiveCfg = Release|Any CPU
		{01E7B8AA-87F7-425B-BCBA-9D8F572C0919}.Release|Any CPU.Build.0 = Release|Any CPU
		{01E7B8AA-87F7-425B-BCBA-9D8F572C0919}.Release|x64.ActiveCfg = Release|Any CPU
		{01E7B8AA-87F7-425B-BCBA-9D8F572C0919}.Release|x64.Build.0 = Release|Any CPU
		{01E7B8AA-87F7-425B-BCBA-9D8F572C0919}.Release|x86.ActiveCfg = Release|Any CPU
		{01E7B8AA-87F7-425B-BCBA-9D8F572C0919}.Release|x86.Build.0 = Release|Any CPU
		{FF61AF43-41C1-4DC7-BC9B-52C1FF7791B5}.Debug|Any CPU.ActiveCfg = Debug|Any CPU
		{FF61AF43-41C1-4DC7-BC9B-52C1FF7791B5}.Debug|Any CPU.Build.0 = Debug|Any CPU
		{FF61AF43-41C1-4DC7-BC9B-52C1FF7791B5}.Debug|x64.ActiveCfg = Debug|Any CPU
		{FF61AF43-41C1-4DC7-BC9B-52C1FF7791B5}.Debug|x64.Build.0 = Debug|Any CPU
		{FF61AF43-41C1-4DC7-BC9B-52C1FF7791B5}.Debug|x86.ActiveCfg = Debug|Any CPU
		{FF61AF43-41C1-4DC7-BC9B-52C1FF7791B5}.Debug|x86.Build.0 = Debug|Any CPU
		{FF61AF43-41C1-4DC7-BC9B-52C1FF7791B5}.Release|Any CPU.ActiveCfg = Release|Any CPU
		{FF61AF43-41C1-4DC7-BC9B-52C1FF7791B5}.Release|Any CPU.Build.0 = Release|Any CPU
		{FF61AF43-41C1-4DC7-BC9B-52C1FF7791B5}.Release|x64.ActiveCfg = Release|Any CPU
		{FF61AF43-41C1-4DC7-BC9B-52C1FF7791B5}.Release|x64.Build.0 = Release|Any CPU
		{FF61AF43-41C1-4DC7-BC9B-52C1FF7791B5}.Release|x86.ActiveCfg = Release|Any CPU
		{FF61AF43-41C1-4DC7-BC9B-52C1FF7791B5}.Release|x86.Build.0 = Release|Any CPU
		{2E5DDDB4-C27E-4F41-98C4-8815330B61D0}.Debug|Any CPU.ActiveCfg = Debug|Any CPU
		{2E5DDDB4-C27E-4F41-98C4-8815330B61D0}.Debug|Any CPU.Build.0 = Debug|Any CPU
		{2E5DDDB4-C27E-4F41-98C4-8815330B61D0}.Debug|x64.ActiveCfg = Debug|Any CPU
		{2E5DDDB4-C27E-4F41-98C4-8815330B61D0}.Debug|x64.Build.0 = Debug|Any CPU
		{2E5DDDB4-C27E-4F41-98C4-8815330B61D0}.Debug|x86.ActiveCfg = Debug|Any CPU
		{2E5DDDB4-C27E-4F41-98C4-8815330B61D0}.Debug|x86.Build.0 = Debug|Any CPU
		{2E5DDDB4-C27E-4F41-98C4-8815330B61D0}.Release|Any CPU.ActiveCfg = Release|Any CPU
		{2E5DDDB4-C27E-4F41-98C4-8815330B61D0}.Release|Any CPU.Build.0 = Release|Any CPU
		{2E5DDDB4-C27E-4F41-98C4-8815330B61D0}.Release|x64.ActiveCfg = Release|Any CPU
		{2E5DDDB4-C27E-4F41-98C4-8815330B61D0}.Release|x64.Build.0 = Release|Any CPU
		{2E5DDDB4-C27E-4F41-98C4-8815330B61D0}.Release|x86.ActiveCfg = Release|Any CPU
		{2E5DDDB4-C27E-4F41-98C4-8815330B61D0}.Release|x86.Build.0 = Release|Any CPU
		{40F4CA81-BDEA-429A-8B0C-BF6D4647B2C4}.Debug|Any CPU.ActiveCfg = Debug|Any CPU
		{40F4CA81-BDEA-429A-8B0C-BF6D4647B2C4}.Debug|Any CPU.Build.0 = Debug|Any CPU
		{40F4CA81-BDEA-429A-8B0C-BF6D4647B2C4}.Debug|x64.ActiveCfg = Debug|Any CPU
		{40F4CA81-BDEA-429A-8B0C-BF6D4647B2C4}.Debug|x64.Build.0 = Debug|Any CPU
		{40F4CA81-BDEA-429A-8B0C-BF6D4647B2C4}.Debug|x86.ActiveCfg = Debug|Any CPU
		{40F4CA81-BDEA-429A-8B0C-BF6D4647B2C4}.Debug|x86.Build.0 = Debug|Any CPU
		{40F4CA81-BDEA-429A-8B0C-BF6D4647B2C4}.Release|Any CPU.ActiveCfg = Release|Any CPU
		{40F4CA81-BDEA-429A-8B0C-BF6D4647B2C4}.Release|Any CPU.Build.0 = Release|Any CPU
		{40F4CA81-BDEA-429A-8B0C-BF6D4647B2C4}.Release|x64.ActiveCfg = Release|Any CPU
		{40F4CA81-BDEA-429A-8B0C-BF6D4647B2C4}.Release|x64.Build.0 = Release|Any CPU
		{40F4CA81-BDEA-429A-8B0C-BF6D4647B2C4}.Release|x86.ActiveCfg = Release|Any CPU
		{40F4CA81-BDEA-429A-8B0C-BF6D4647B2C4}.Release|x86.Build.0 = Release|Any CPU
		{AEDABBEE-DC7B-4B11-9FAB-1E4CFBD1C9F5}.Debug|Any CPU.ActiveCfg = Debug|Any CPU
		{AEDABBEE-DC7B-4B11-9FAB-1E4CFBD1C9F5}.Debug|Any CPU.Build.0 = Debug|Any CPU
		{AEDABBEE-DC7B-4B11-9FAB-1E4CFBD1C9F5}.Debug|x64.ActiveCfg = Debug|Any CPU
		{AEDABBEE-DC7B-4B11-9FAB-1E4CFBD1C9F5}.Debug|x64.Build.0 = Debug|Any CPU
		{AEDABBEE-DC7B-4B11-9FAB-1E4CFBD1C9F5}.Debug|x86.ActiveCfg = Debug|Any CPU
		{AEDABBEE-DC7B-4B11-9FAB-1E4CFBD1C9F5}.Debug|x86.Build.0 = Debug|Any CPU
		{AEDABBEE-DC7B-4B11-9FAB-1E4CFBD1C9F5}.Release|Any CPU.ActiveCfg = Release|Any CPU
		{AEDABBEE-DC7B-4B11-9FAB-1E4CFBD1C9F5}.Release|Any CPU.Build.0 = Release|Any CPU
		{AEDABBEE-DC7B-4B11-9FAB-1E4CFBD1C9F5}.Release|x64.ActiveCfg = Release|Any CPU
		{AEDABBEE-DC7B-4B11-9FAB-1E4CFBD1C9F5}.Release|x64.Build.0 = Release|Any CPU
		{AEDABBEE-DC7B-4B11-9FAB-1E4CFBD1C9F5}.Release|x86.ActiveCfg = Release|Any CPU
		{AEDABBEE-DC7B-4B11-9FAB-1E4CFBD1C9F5}.Release|x86.Build.0 = Release|Any CPU
		{F99C57BB-09BC-4D65-B9D0-3D03B23F4C59}.Debug|Any CPU.ActiveCfg = Debug|Any CPU
		{F99C57BB-09BC-4D65-B9D0-3D03B23F4C59}.Debug|Any CPU.Build.0 = Debug|Any CPU
		{F99C57BB-09BC-4D65-B9D0-3D03B23F4C59}.Debug|x64.ActiveCfg = Debug|Any CPU
		{F99C57BB-09BC-4D65-B9D0-3D03B23F4C59}.Debug|x64.Build.0 = Debug|Any CPU
		{F99C57BB-09BC-4D65-B9D0-3D03B23F4C59}.Debug|x86.ActiveCfg = Debug|Any CPU
		{F99C57BB-09BC-4D65-B9D0-3D03B23F4C59}.Debug|x86.Build.0 = Debug|Any CPU
		{F99C57BB-09BC-4D65-B9D0-3D03B23F4C59}.Release|Any CPU.ActiveCfg = Release|Any CPU
		{F99C57BB-09BC-4D65-B9D0-3D03B23F4C59}.Release|Any CPU.Build.0 = Release|Any CPU
		{F99C57BB-09BC-4D65-B9D0-3D03B23F4C59}.Release|x64.ActiveCfg = Release|Any CPU
		{F99C57BB-09BC-4D65-B9D0-3D03B23F4C59}.Release|x64.Build.0 = Release|Any CPU
		{F99C57BB-09BC-4D65-B9D0-3D03B23F4C59}.Release|x86.ActiveCfg = Release|Any CPU
		{F99C57BB-09BC-4D65-B9D0-3D03B23F4C59}.Release|x86.Build.0 = Release|Any CPU
		{4A34EE3B-E6AB-41AE-BA07-CED7A8343A91}.Debug|Any CPU.ActiveCfg = Debug|Any CPU
		{4A34EE3B-E6AB-41AE-BA07-CED7A8343A91}.Debug|Any CPU.Build.0 = Debug|Any CPU
		{4A34EE3B-E6AB-41AE-BA07-CED7A8343A91}.Debug|x64.ActiveCfg = Debug|Any CPU
		{4A34EE3B-E6AB-41AE-BA07-CED7A8343A91}.Debug|x64.Build.0 = Debug|Any CPU
		{4A34EE3B-E6AB-41AE-BA07-CED7A8343A91}.Debug|x86.ActiveCfg = Debug|Any CPU
		{4A34EE3B-E6AB-41AE-BA07-CED7A8343A91}.Debug|x86.Build.0 = Debug|Any CPU
		{4A34EE3B-E6AB-41AE-BA07-CED7A8343A91}.Release|Any CPU.ActiveCfg = Release|Any CPU
		{4A34EE3B-E6AB-41AE-BA07-CED7A8343A91}.Release|Any CPU.Build.0 = Release|Any CPU
		{4A34EE3B-E6AB-41AE-BA07-CED7A8343A91}.Release|x64.ActiveCfg = Release|Any CPU
		{4A34EE3B-E6AB-41AE-BA07-CED7A8343A91}.Release|x64.Build.0 = Release|Any CPU
		{4A34EE3B-E6AB-41AE-BA07-CED7A8343A91}.Release|x86.ActiveCfg = Release|Any CPU
		{4A34EE3B-E6AB-41AE-BA07-CED7A8343A91}.Release|x86.Build.0 = Release|Any CPU
		{520DDACE-69A9-4C14-8881-AF015D1A1F45}.Debug|Any CPU.ActiveCfg = Debug|Any CPU
		{520DDACE-69A9-4C14-8881-AF015D1A1F45}.Debug|Any CPU.Build.0 = Debug|Any CPU
		{520DDACE-69A9-4C14-8881-AF015D1A1F45}.Debug|x64.ActiveCfg = Debug|Any CPU
		{520DDACE-69A9-4C14-8881-AF015D1A1F45}.Debug|x64.Build.0 = Debug|Any CPU
		{520DDACE-69A9-4C14-8881-AF015D1A1F45}.Debug|x86.ActiveCfg = Debug|Any CPU
		{520DDACE-69A9-4C14-8881-AF015D1A1F45}.Debug|x86.Build.0 = Debug|Any CPU
		{520DDACE-69A9-4C14-8881-AF015D1A1F45}.Release|Any CPU.ActiveCfg = Release|Any CPU
		{520DDACE-69A9-4C14-8881-AF015D1A1F45}.Release|Any CPU.Build.0 = Release|Any CPU
		{520DDACE-69A9-4C14-8881-AF015D1A1F45}.Release|x64.ActiveCfg = Release|Any CPU
		{520DDACE-69A9-4C14-8881-AF015D1A1F45}.Release|x64.Build.0 = Release|Any CPU
		{520DDACE-69A9-4C14-8881-AF015D1A1F45}.Release|x86.ActiveCfg = Release|Any CPU
		{520DDACE-69A9-4C14-8881-AF015D1A1F45}.Release|x86.Build.0 = Release|Any CPU
		{97924E68-E22C-49A2-B69B-2AE7601EEBB3}.Debug|Any CPU.ActiveCfg = Debug|Any CPU
		{97924E68-E22C-49A2-B69B-2AE7601EEBB3}.Debug|Any CPU.Build.0 = Debug|Any CPU
		{97924E68-E22C-49A2-B69B-2AE7601EEBB3}.Debug|x64.ActiveCfg = Debug|Any CPU
		{97924E68-E22C-49A2-B69B-2AE7601EEBB3}.Debug|x64.Build.0 = Debug|Any CPU
		{97924E68-E22C-49A2-B69B-2AE7601EEBB3}.Debug|x86.ActiveCfg = Debug|Any CPU
		{97924E68-E22C-49A2-B69B-2AE7601EEBB3}.Debug|x86.Build.0 = Debug|Any CPU
		{97924E68-E22C-49A2-B69B-2AE7601EEBB3}.Release|Any CPU.ActiveCfg = Release|Any CPU
		{97924E68-E22C-49A2-B69B-2AE7601EEBB3}.Release|Any CPU.Build.0 = Release|Any CPU
		{97924E68-E22C-49A2-B69B-2AE7601EEBB3}.Release|x64.ActiveCfg = Release|Any CPU
		{97924E68-E22C-49A2-B69B-2AE7601EEBB3}.Release|x64.Build.0 = Release|Any CPU
		{97924E68-E22C-49A2-B69B-2AE7601EEBB3}.Release|x86.ActiveCfg = Release|Any CPU
		{97924E68-E22C-49A2-B69B-2AE7601EEBB3}.Release|x86.Build.0 = Release|Any CPU
		{B04BEE16-F5EF-4120-B472-B1D587C66C8A}.Debug|Any CPU.ActiveCfg = Debug|Any CPU
		{B04BEE16-F5EF-4120-B472-B1D587C66C8A}.Debug|Any CPU.Build.0 = Debug|Any CPU
		{B04BEE16-F5EF-4120-B472-B1D587C66C8A}.Debug|x64.ActiveCfg = Debug|Any CPU
		{B04BEE16-F5EF-4120-B472-B1D587C66C8A}.Debug|x64.Build.0 = Debug|Any CPU
		{B04BEE16-F5EF-4120-B472-B1D587C66C8A}.Debug|x86.ActiveCfg = Debug|Any CPU
		{B04BEE16-F5EF-4120-B472-B1D587C66C8A}.Debug|x86.Build.0 = Debug|Any CPU
		{B04BEE16-F5EF-4120-B472-B1D587C66C8A}.Release|Any CPU.ActiveCfg = Release|Any CPU
		{B04BEE16-F5EF-4120-B472-B1D587C66C8A}.Release|Any CPU.Build.0 = Release|Any CPU
		{B04BEE16-F5EF-4120-B472-B1D587C66C8A}.Release|x64.ActiveCfg = Release|Any CPU
		{B04BEE16-F5EF-4120-B472-B1D587C66C8A}.Release|x64.Build.0 = Release|Any CPU
		{B04BEE16-F5EF-4120-B472-B1D587C66C8A}.Release|x86.ActiveCfg = Release|Any CPU
		{B04BEE16-F5EF-4120-B472-B1D587C66C8A}.Release|x86.Build.0 = Release|Any CPU
		{56715EF8-8190-42C9-88C9-388E3CD00CC9}.Debug|Any CPU.ActiveCfg = Debug|Any CPU
		{56715EF8-8190-42C9-88C9-388E3CD00CC9}.Debug|Any CPU.Build.0 = Debug|Any CPU
		{56715EF8-8190-42C9-88C9-388E3CD00CC9}.Debug|x64.ActiveCfg = Debug|Any CPU
		{56715EF8-8190-42C9-88C9-388E3CD00CC9}.Debug|x64.Build.0 = Debug|Any CPU
		{56715EF8-8190-42C9-88C9-388E3CD00CC9}.Debug|x86.ActiveCfg = Debug|Any CPU
		{56715EF8-8190-42C9-88C9-388E3CD00CC9}.Debug|x86.Build.0 = Debug|Any CPU
		{56715EF8-8190-42C9-88C9-388E3CD00CC9}.Release|Any CPU.ActiveCfg = Release|Any CPU
		{56715EF8-8190-42C9-88C9-388E3CD00CC9}.Release|Any CPU.Build.0 = Release|Any CPU
		{56715EF8-8190-42C9-88C9-388E3CD00CC9}.Release|x64.ActiveCfg = Release|Any CPU
		{56715EF8-8190-42C9-88C9-388E3CD00CC9}.Release|x64.Build.0 = Release|Any CPU
		{56715EF8-8190-42C9-88C9-388E3CD00CC9}.Release|x86.ActiveCfg = Release|Any CPU
		{56715EF8-8190-42C9-88C9-388E3CD00CC9}.Release|x86.Build.0 = Release|Any CPU
		{DDC411AE-2030-4BA4-8419-5573FA72DBEF}.Debug|Any CPU.ActiveCfg = Debug|Any CPU
		{DDC411AE-2030-4BA4-8419-5573FA72DBEF}.Debug|Any CPU.Build.0 = Debug|Any CPU
		{DDC411AE-2030-4BA4-8419-5573FA72DBEF}.Debug|x64.ActiveCfg = Debug|Any CPU
		{DDC411AE-2030-4BA4-8419-5573FA72DBEF}.Debug|x64.Build.0 = Debug|Any CPU
		{DDC411AE-2030-4BA4-8419-5573FA72DBEF}.Debug|x86.ActiveCfg = Debug|Any CPU
		{DDC411AE-2030-4BA4-8419-5573FA72DBEF}.Debug|x86.Build.0 = Debug|Any CPU
		{DDC411AE-2030-4BA4-8419-5573FA72DBEF}.Release|Any CPU.ActiveCfg = Release|Any CPU
		{DDC411AE-2030-4BA4-8419-5573FA72DBEF}.Release|Any CPU.Build.0 = Release|Any CPU
		{DDC411AE-2030-4BA4-8419-5573FA72DBEF}.Release|x64.ActiveCfg = Release|Any CPU
		{DDC411AE-2030-4BA4-8419-5573FA72DBEF}.Release|x64.Build.0 = Release|Any CPU
		{DDC411AE-2030-4BA4-8419-5573FA72DBEF}.Release|x86.ActiveCfg = Release|Any CPU
		{DDC411AE-2030-4BA4-8419-5573FA72DBEF}.Release|x86.Build.0 = Release|Any CPU
		{E3C1DA9A-416B-4977-B6F7-E99FA709FCB5}.Debug|Any CPU.ActiveCfg = Debug|Any CPU
		{E3C1DA9A-416B-4977-B6F7-E99FA709FCB5}.Debug|Any CPU.Build.0 = Debug|Any CPU
		{E3C1DA9A-416B-4977-B6F7-E99FA709FCB5}.Debug|x64.ActiveCfg = Debug|Any CPU
		{E3C1DA9A-416B-4977-B6F7-E99FA709FCB5}.Debug|x64.Build.0 = Debug|Any CPU
		{E3C1DA9A-416B-4977-B6F7-E99FA709FCB5}.Debug|x86.ActiveCfg = Debug|Any CPU
		{E3C1DA9A-416B-4977-B6F7-E99FA709FCB5}.Debug|x86.Build.0 = Debug|Any CPU
		{E3C1DA9A-416B-4977-B6F7-E99FA709FCB5}.Release|Any CPU.ActiveCfg = Release|Any CPU
		{E3C1DA9A-416B-4977-B6F7-E99FA709FCB5}.Release|Any CPU.Build.0 = Release|Any CPU
		{E3C1DA9A-416B-4977-B6F7-E99FA709FCB5}.Release|x64.ActiveCfg = Release|Any CPU
		{E3C1DA9A-416B-4977-B6F7-E99FA709FCB5}.Release|x64.Build.0 = Release|Any CPU
		{E3C1DA9A-416B-4977-B6F7-E99FA709FCB5}.Release|x86.ActiveCfg = Release|Any CPU
		{E3C1DA9A-416B-4977-B6F7-E99FA709FCB5}.Release|x86.Build.0 = Release|Any CPU
		{2CAD23A3-89D6-422F-9261-D7B00D2E232F}.Debug|Any CPU.ActiveCfg = Debug|Any CPU
		{2CAD23A3-89D6-422F-9261-D7B00D2E232F}.Debug|Any CPU.Build.0 = Debug|Any CPU
		{2CAD23A3-89D6-422F-9261-D7B00D2E232F}.Debug|x64.ActiveCfg = Debug|Any CPU
		{2CAD23A3-89D6-422F-9261-D7B00D2E232F}.Debug|x64.Build.0 = Debug|Any CPU
		{2CAD23A3-89D6-422F-9261-D7B00D2E232F}.Debug|x86.ActiveCfg = Debug|Any CPU
		{2CAD23A3-89D6-422F-9261-D7B00D2E232F}.Debug|x86.Build.0 = Debug|Any CPU
		{2CAD23A3-89D6-422F-9261-D7B00D2E232F}.Release|Any CPU.ActiveCfg = Release|Any CPU
		{2CAD23A3-89D6-422F-9261-D7B00D2E232F}.Release|Any CPU.Build.0 = Release|Any CPU
		{2CAD23A3-89D6-422F-9261-D7B00D2E232F}.Release|x64.ActiveCfg = Release|Any CPU
		{2CAD23A3-89D6-422F-9261-D7B00D2E232F}.Release|x64.Build.0 = Release|Any CPU
		{2CAD23A3-89D6-422F-9261-D7B00D2E232F}.Release|x86.ActiveCfg = Release|Any CPU
		{2CAD23A3-89D6-422F-9261-D7B00D2E232F}.Release|x86.Build.0 = Release|Any CPU
		{70649C94-5B3E-4FB7-8E73-D901CF9A3F18}.Debug|Any CPU.ActiveCfg = Debug|Any CPU
		{70649C94-5B3E-4FB7-8E73-D901CF9A3F18}.Debug|Any CPU.Build.0 = Debug|Any CPU
		{70649C94-5B3E-4FB7-8E73-D901CF9A3F18}.Debug|x64.ActiveCfg = Debug|Any CPU
		{70649C94-5B3E-4FB7-8E73-D901CF9A3F18}.Debug|x64.Build.0 = Debug|Any CPU
		{70649C94-5B3E-4FB7-8E73-D901CF9A3F18}.Debug|x86.ActiveCfg = Debug|Any CPU
		{70649C94-5B3E-4FB7-8E73-D901CF9A3F18}.Debug|x86.Build.0 = Debug|Any CPU
		{70649C94-5B3E-4FB7-8E73-D901CF9A3F18}.Release|Any CPU.ActiveCfg = Release|Any CPU
		{70649C94-5B3E-4FB7-8E73-D901CF9A3F18}.Release|Any CPU.Build.0 = Release|Any CPU
		{70649C94-5B3E-4FB7-8E73-D901CF9A3F18}.Release|x64.ActiveCfg = Release|Any CPU
		{70649C94-5B3E-4FB7-8E73-D901CF9A3F18}.Release|x64.Build.0 = Release|Any CPU
		{70649C94-5B3E-4FB7-8E73-D901CF9A3F18}.Release|x86.ActiveCfg = Release|Any CPU
		{70649C94-5B3E-4FB7-8E73-D901CF9A3F18}.Release|x86.Build.0 = Release|Any CPU
		{34E1E7BD-62F8-475B-AC9A-C3F47469E66B}.Debug|Any CPU.ActiveCfg = Debug|Any CPU
		{34E1E7BD-62F8-475B-AC9A-C3F47469E66B}.Debug|Any CPU.Build.0 = Debug|Any CPU
		{34E1E7BD-62F8-475B-AC9A-C3F47469E66B}.Debug|x64.ActiveCfg = Debug|Any CPU
		{34E1E7BD-62F8-475B-AC9A-C3F47469E66B}.Debug|x64.Build.0 = Debug|Any CPU
		{34E1E7BD-62F8-475B-AC9A-C3F47469E66B}.Debug|x86.ActiveCfg = Debug|Any CPU
		{34E1E7BD-62F8-475B-AC9A-C3F47469E66B}.Debug|x86.Build.0 = Debug|Any CPU
		{34E1E7BD-62F8-475B-AC9A-C3F47469E66B}.Release|Any CPU.ActiveCfg = Release|Any CPU
		{34E1E7BD-62F8-475B-AC9A-C3F47469E66B}.Release|Any CPU.Build.0 = Release|Any CPU
		{34E1E7BD-62F8-475B-AC9A-C3F47469E66B}.Release|x64.ActiveCfg = Release|Any CPU
		{34E1E7BD-62F8-475B-AC9A-C3F47469E66B}.Release|x64.Build.0 = Release|Any CPU
		{34E1E7BD-62F8-475B-AC9A-C3F47469E66B}.Release|x86.ActiveCfg = Release|Any CPU
		{34E1E7BD-62F8-475B-AC9A-C3F47469E66B}.Release|x86.Build.0 = Release|Any CPU
		{AA4B41DA-C7BD-462F-86C9-E6F71FE9EEFB}.Debug|Any CPU.ActiveCfg = Debug|Any CPU
		{AA4B41DA-C7BD-462F-86C9-E6F71FE9EEFB}.Debug|Any CPU.Build.0 = Debug|Any CPU
		{AA4B41DA-C7BD-462F-86C9-E6F71FE9EEFB}.Debug|x64.ActiveCfg = Debug|Any CPU
		{AA4B41DA-C7BD-462F-86C9-E6F71FE9EEFB}.Debug|x64.Build.0 = Debug|Any CPU
		{AA4B41DA-C7BD-462F-86C9-E6F71FE9EEFB}.Debug|x86.ActiveCfg = Debug|Any CPU
		{AA4B41DA-C7BD-462F-86C9-E6F71FE9EEFB}.Debug|x86.Build.0 = Debug|Any CPU
		{AA4B41DA-C7BD-462F-86C9-E6F71FE9EEFB}.Release|Any CPU.ActiveCfg = Release|Any CPU
		{AA4B41DA-C7BD-462F-86C9-E6F71FE9EEFB}.Release|Any CPU.Build.0 = Release|Any CPU
		{AA4B41DA-C7BD-462F-86C9-E6F71FE9EEFB}.Release|x64.ActiveCfg = Release|Any CPU
		{AA4B41DA-C7BD-462F-86C9-E6F71FE9EEFB}.Release|x64.Build.0 = Release|Any CPU
		{AA4B41DA-C7BD-462F-86C9-E6F71FE9EEFB}.Release|x86.ActiveCfg = Release|Any CPU
		{AA4B41DA-C7BD-462F-86C9-E6F71FE9EEFB}.Release|x86.Build.0 = Release|Any CPU
		{73C56B7E-941E-42DE-A428-E4EFBF5DEF96}.Debug|Any CPU.ActiveCfg = Debug|Any CPU
		{73C56B7E-941E-42DE-A428-E4EFBF5DEF96}.Debug|Any CPU.Build.0 = Debug|Any CPU
		{73C56B7E-941E-42DE-A428-E4EFBF5DEF96}.Debug|x64.ActiveCfg = Debug|Any CPU
		{73C56B7E-941E-42DE-A428-E4EFBF5DEF96}.Debug|x64.Build.0 = Debug|Any CPU
		{73C56B7E-941E-42DE-A428-E4EFBF5DEF96}.Debug|x86.ActiveCfg = Debug|Any CPU
		{73C56B7E-941E-42DE-A428-E4EFBF5DEF96}.Debug|x86.Build.0 = Debug|Any CPU
		{73C56B7E-941E-42DE-A428-E4EFBF5DEF96}.Release|Any CPU.ActiveCfg = Release|Any CPU
		{73C56B7E-941E-42DE-A428-E4EFBF5DEF96}.Release|Any CPU.Build.0 = Release|Any CPU
		{73C56B7E-941E-42DE-A428-E4EFBF5DEF96}.Release|x64.ActiveCfg = Release|Any CPU
		{73C56B7E-941E-42DE-A428-E4EFBF5DEF96}.Release|x64.Build.0 = Release|Any CPU
		{73C56B7E-941E-42DE-A428-E4EFBF5DEF96}.Release|x86.ActiveCfg = Release|Any CPU
		{73C56B7E-941E-42DE-A428-E4EFBF5DEF96}.Release|x86.Build.0 = Release|Any CPU
		{9F443AD8-044A-46CE-B2CE-D31E88339B75}.Debug|Any CPU.ActiveCfg = Debug|Any CPU
		{9F443AD8-044A-46CE-B2CE-D31E88339B75}.Debug|Any CPU.Build.0 = Debug|Any CPU
		{9F443AD8-044A-46CE-B2CE-D31E88339B75}.Debug|x64.ActiveCfg = Debug|Any CPU
		{9F443AD8-044A-46CE-B2CE-D31E88339B75}.Debug|x64.Build.0 = Debug|Any CPU
		{9F443AD8-044A-46CE-B2CE-D31E88339B75}.Debug|x86.ActiveCfg = Debug|Any CPU
		{9F443AD8-044A-46CE-B2CE-D31E88339B75}.Debug|x86.Build.0 = Debug|Any CPU
		{9F443AD8-044A-46CE-B2CE-D31E88339B75}.Release|Any CPU.ActiveCfg = Release|Any CPU
		{9F443AD8-044A-46CE-B2CE-D31E88339B75}.Release|Any CPU.Build.0 = Release|Any CPU
		{9F443AD8-044A-46CE-B2CE-D31E88339B75}.Release|x64.ActiveCfg = Release|Any CPU
		{9F443AD8-044A-46CE-B2CE-D31E88339B75}.Release|x64.Build.0 = Release|Any CPU
		{9F443AD8-044A-46CE-B2CE-D31E88339B75}.Release|x86.ActiveCfg = Release|Any CPU
		{9F443AD8-044A-46CE-B2CE-D31E88339B75}.Release|x86.Build.0 = Release|Any CPU
		{46FDB844-7335-4BBD-925B-FF35B1E2B95A}.Debug|Any CPU.ActiveCfg = Debug|Any CPU
		{46FDB844-7335-4BBD-925B-FF35B1E2B95A}.Debug|Any CPU.Build.0 = Debug|Any CPU
		{46FDB844-7335-4BBD-925B-FF35B1E2B95A}.Debug|x64.ActiveCfg = Debug|Any CPU
		{46FDB844-7335-4BBD-925B-FF35B1E2B95A}.Debug|x64.Build.0 = Debug|Any CPU
		{46FDB844-7335-4BBD-925B-FF35B1E2B95A}.Debug|x86.ActiveCfg = Debug|Any CPU
		{46FDB844-7335-4BBD-925B-FF35B1E2B95A}.Debug|x86.Build.0 = Debug|Any CPU
		{46FDB844-7335-4BBD-925B-FF35B1E2B95A}.Release|Any CPU.ActiveCfg = Release|Any CPU
		{46FDB844-7335-4BBD-925B-FF35B1E2B95A}.Release|Any CPU.Build.0 = Release|Any CPU
		{46FDB844-7335-4BBD-925B-FF35B1E2B95A}.Release|x64.ActiveCfg = Release|Any CPU
		{46FDB844-7335-4BBD-925B-FF35B1E2B95A}.Release|x64.Build.0 = Release|Any CPU
		{46FDB844-7335-4BBD-925B-FF35B1E2B95A}.Release|x86.ActiveCfg = Release|Any CPU
		{46FDB844-7335-4BBD-925B-FF35B1E2B95A}.Release|x86.Build.0 = Release|Any CPU
		{5D225579-B26F-47D4-91D8-A32E1B8A4DF0}.Debug|Any CPU.ActiveCfg = Debug|Any CPU
		{5D225579-B26F-47D4-91D8-A32E1B8A4DF0}.Debug|Any CPU.Build.0 = Debug|Any CPU
		{5D225579-B26F-47D4-91D8-A32E1B8A4DF0}.Debug|x64.ActiveCfg = Debug|Any CPU
		{5D225579-B26F-47D4-91D8-A32E1B8A4DF0}.Debug|x64.Build.0 = Debug|Any CPU
		{5D225579-B26F-47D4-91D8-A32E1B8A4DF0}.Debug|x86.ActiveCfg = Debug|Any CPU
		{5D225579-B26F-47D4-91D8-A32E1B8A4DF0}.Debug|x86.Build.0 = Debug|Any CPU
		{5D225579-B26F-47D4-91D8-A32E1B8A4DF0}.Release|Any CPU.ActiveCfg = Release|Any CPU
		{5D225579-B26F-47D4-91D8-A32E1B8A4DF0}.Release|Any CPU.Build.0 = Release|Any CPU
		{5D225579-B26F-47D4-91D8-A32E1B8A4DF0}.Release|x64.ActiveCfg = Release|Any CPU
		{5D225579-B26F-47D4-91D8-A32E1B8A4DF0}.Release|x64.Build.0 = Release|Any CPU
		{5D225579-B26F-47D4-91D8-A32E1B8A4DF0}.Release|x86.ActiveCfg = Release|Any CPU
		{5D225579-B26F-47D4-91D8-A32E1B8A4DF0}.Release|x86.Build.0 = Release|Any CPU
	EndGlobalSection
	GlobalSection(SolutionProperties) = preSolution
		HideSolutionNode = FALSE
	EndGlobalSection
	GlobalSection(ExtensibilityGlobals) = postSolution
		SolutionGuid = {5F998628-3ACA-4642-B3EE-4F62FC494265}
	EndGlobalSection
EndGlobal
